
Microsoft Visual Studio Solution File, Format Version 12.00
# Visual Studio 15
VisualStudioVersion = 15.0.28307.329
MinimumVisualStudioVersion = 10.0.40219.1
Project("{FAE04EC0-301F-11D3-BF4B-00C04F79EFBC}") = "Shell", "PersonApplication\Shell.csproj", "{8F7ED7DC-015D-467F-9BCB-F6BD17F20A86}"
EndProject
Project("{FAE04EC0-301F-11D3-BF4B-00C04F79EFBC}") = "Domain", "Domain\Domain.csproj", "{F660729A-2AAF-43E3-902E-16E36DFE7FFE}"
EndProject
Project("{FAE04EC0-301F-11D3-BF4B-00C04F79EFBC}") = "StudentRecord", "StudentRecord\StudentRecord.csproj", "{4FBFD16E-D26E-4B35-B6F5-DF4EE9505867}"
EndProject
Project("{FAE04EC0-301F-11D3-BF4B-00C04F79EFBC}") = "Data", "Data\Data.csproj", "{FABABAD2-48A6-4466-A316-745053C7042D}"
EndProject
Project("{FAE04EC0-301F-11D3-BF4B-00C04F79EFBC}") = "Shared", "Shared\Shared.csproj", "{462178C7-7EDE-4D7F-B966-A4C82C876C14}"
EndProject
Global
	GlobalSection(SolutionConfigurationPlatforms) = preSolution
		Debug|Any CPU = Debug|Any CPU
		Release|Any CPU = Release|Any CPU
	EndGlobalSection
	GlobalSection(ProjectConfigurationPlatforms) = postSolution
		{8F7ED7DC-015D-467F-9BCB-F6BD17F20A86}.Debug|Any CPU.ActiveCfg = Debug|Any CPU
		{8F7ED7DC-015D-467F-9BCB-F6BD17F20A86}.Debug|Any CPU.Build.0 = Debug|Any CPU
		{8F7ED7DC-015D-467F-9BCB-F6BD17F20A86}.Release|Any CPU.ActiveCfg = Release|Any CPU
		{8F7ED7DC-015D-467F-9BCB-F6BD17F20A86}.Release|Any CPU.Build.0 = Release|Any CPU
		{F660729A-2AAF-43E3-902E-16E36DFE7FFE}.Debug|Any CPU.ActiveCfg = Debug|Any CPU
		{F660729A-2AAF-43E3-902E-16E36DFE7FFE}.Debug|Any CPU.Build.0 = Debug|Any CPU
		{F660729A-2AAF-43E3-902E-16E36DFE7FFE}.Release|Any CPU.ActiveCfg = Release|Any CPU
		{F660729A-2AAF-43E3-902E-16E36DFE7FFE}.Release|Any CPU.Build.0 = Release|Any CPU
		{4FBFD16E-D26E-4B35-B6F5-DF4EE9505867}.Debug|Any CPU.ActiveCfg = Debug|Any CPU
		{4FBFD16E-D26E-4B35-B6F5-DF4EE9505867}.Debug|Any CPU.Build.0 = Debug|Any CPU
		{4FBFD16E-D26E-4B35-B6F5-DF4EE9505867}.Release|Any CPU.ActiveCfg = Release|Any CPU
		{4FBFD16E-D26E-4B35-B6F5-DF4EE9505867}.Release|Any CPU.Build.0 = Release|Any CPU
		{FABABAD2-48A6-4466-A316-745053C7042D}.Debug|Any CPU.ActiveCfg = Debug|Any CPU
		{FABABAD2-48A6-4466-A316-745053C7042D}.Debug|Any CPU.Build.0 = Debug|Any CPU
		{FABABAD2-48A6-4466-A316-745053C7042D}.Release|Any CPU.ActiveCfg = Release|Any CPU
		{FABABAD2-48A6-4466-A316-745053C7042D}.Release|Any CPU.Build.0 = Release|Any CPU
		{462178C7-7EDE-4D7F-B966-A4C82C876C14}.Debug|Any CPU.ActiveCfg = Debug|Any CPU
		{462178C7-7EDE-4D7F-B966-A4C82C876C14}.Debug|Any CPU.Build.0 = Debug|Any CPU
		{462178C7-7EDE-4D7F-B966-A4C82C876C14}.Release|Any CPU.ActiveCfg = Release|Any CPU
		{462178C7-7EDE-4D7F-B966-A4C82C876C14}.Release|Any CPU.Build.0 = Release|Any CPU
	EndGlobalSection
	GlobalSection(SolutionProperties) = preSolution
		HideSolutionNode = FALSE
	EndGlobalSection
	GlobalSection(ExtensibilityGlobals) = postSolution
		SolutionGuid = {326AAFCA-DF7B-46C2-B17C-B89D651AFD78}
	EndGlobalSection
EndGlobal
